
Microsoft Visual Studio Solution File, Format Version 12.00
# Visual Studio Version 16
VisualStudioVersion = 16.0.31911.196
MinimumVisualStudioVersion = 10.0.40219.1
Project("{9A19103F-16F7-4668-BE54-9A1E7A4F7556}") = "MoviesPlatform", "MoviesPlatform\MoviesPlatform.csproj", "{11EA65CC-F0F5-41D6-877B-776E190C384D}"
EndProject
Project("{9A19103F-16F7-4668-BE54-9A1E7A4F7556}") = "UseCases", "UseCases\UseCases.csproj", "{28535A73-5C4E-4420-9CDC-6A5BFAE52D4E}"
EndProject
Project("{9A19103F-16F7-4668-BE54-9A1E7A4F7556}") = "CoreActions", "CoreActions\CoreActions.csproj", "{581F4310-3EFE-42E6-BCDB-EB323E3A9062}"
EndProject
Project("{9A19103F-16F7-4668-BE54-9A1E7A4F7556}") = "Plugins.DataStore.InMemory", "Plugins.DataStore.InMemory\Plugins.DataStore.InMemory.csproj", "{3D536824-9D41-415C-8CDC-74B399D86B67}"
EndProject
Global
	GlobalSection(SolutionConfigurationPlatforms) = preSolution
		Debug|Any CPU = Debug|Any CPU
		Release|Any CPU = Release|Any CPU
	EndGlobalSection
	GlobalSection(ProjectConfigurationPlatforms) = postSolution
		{11EA65CC-F0F5-41D6-877B-776E190C384D}.Debug|Any CPU.ActiveCfg = Debug|Any CPU
		{11EA65CC-F0F5-41D6-877B-776E190C384D}.Debug|Any CPU.Build.0 = Debug|Any CPU
		{11EA65CC-F0F5-41D6-877B-776E190C384D}.Release|Any CPU.ActiveCfg = Release|Any CPU
		{11EA65CC-F0F5-41D6-877B-776E190C384D}.Release|Any CPU.Build.0 = Release|Any CPU
		{28535A73-5C4E-4420-9CDC-6A5BFAE52D4E}.Debug|Any CPU.ActiveCfg = Debug|Any CPU
		{28535A73-5C4E-4420-9CDC-6A5BFAE52D4E}.Debug|Any CPU.Build.0 = Debug|Any CPU
		{28535A73-5C4E-4420-9CDC-6A5BFAE52D4E}.Release|Any CPU.ActiveCfg = Release|Any CPU
		{28535A73-5C4E-4420-9CDC-6A5BFAE52D4E}.Release|Any CPU.Build.0 = Release|Any CPU
		{581F4310-3EFE-42E6-BCDB-EB323E3A9062}.Debug|Any CPU.ActiveCfg = Debug|Any CPU
		{581F4310-3EFE-42E6-BCDB-EB323E3A9062}.Debug|Any CPU.Build.0 = Debug|Any CPU
		{581F4310-3EFE-42E6-BCDB-EB323E3A9062}.Release|Any CPU.ActiveCfg = Release|Any CPU
		{581F4310-3EFE-42E6-BCDB-EB323E3A9062}.Release|Any CPU.Build.0 = Release|Any CPU
		{3D536824-9D41-415C-8CDC-74B399D86B67}.Debug|Any CPU.ActiveCfg = Debug|Any CPU
		{3D536824-9D41-415C-8CDC-74B399D86B67}.Debug|Any CPU.Build.0 = Debug|Any CPU
		{3D536824-9D41-415C-8CDC-74B399D86B67}.Release|Any CPU.ActiveCfg = Release|Any CPU
		{3D536824-9D41-415C-8CDC-74B399D86B67}.Release|Any CPU.Build.0 = Release|Any CPU
	EndGlobalSection
	GlobalSection(SolutionProperties) = preSolution
		HideSolutionNode = FALSE
	EndGlobalSection
	GlobalSection(ExtensibilityGlobals) = postSolution
		SolutionGuid = {06D9CCDB-5FC5-4F47-B1F9-5ED6E2B30FC7}
	EndGlobalSection
EndGlobal
